// !$*UTF8*$!
{
	archiveVersion = 1;
	classes = {
	};
	objectVersion = 55;
	objects = {

/* Begin PBXBuildFile section */
		BA8FBE0328A4AE7400F8E84D /* PDFLoader.swift in Sources */ = {isa = PBXBuildFile; fileRef = BA8FBE0228A4AE7400F8E84D /* PDFLoader.swift */; };
		BA8FBE0928A5E6E300F8E84D /* PDFDelegate.swift in Sources */ = {isa = PBXBuildFile; fileRef = BA8FBE0828A5E6E300F8E84D /* PDFDelegate.swift */; };
		BA8FBE0B28A5EF2200F8E84D /* PDFError.swift in Sources */ = {isa = PBXBuildFile; fileRef = BA8FBE0A28A5EF2200F8E84D /* PDFError.swift */; };
		BA8FBE0F28A5F6EB00F8E84D /* big.pdf in Resources */ = {isa = PBXBuildFile; fileRef = BA8FBE0E28A5F6EB00F8E84D /* big.pdf */; };
		BA8FBE1128A5FC5600F8E84D /* ProcessorProtocol.swift in Sources */ = {isa = PBXBuildFile; fileRef = BA8FBE1028A5FC5600F8E84D /* ProcessorProtocol.swift */; };
		BA8FBE1428A5FD5500F8E84D /* Page.swift in Sources */ = {isa = PBXBuildFile; fileRef = BA8FBE1328A5FD5500F8E84D /* Page.swift */; };
		BA8FBE1628A5FDE600F8E84D /* PdfProcessor.swift in Sources */ = {isa = PBXBuildFile; fileRef = BA8FBE1528A5FDE600F8E84D /* PdfProcessor.swift */; };
		BA8FBE1828A6343900F8E84D /* small.pdf in Resources */ = {isa = PBXBuildFile; fileRef = BA8FBE1728A6343900F8E84D /* small.pdf */; };
		BA8FBE1A28A6431800F8E84D /* iphone.png in Resources */ = {isa = PBXBuildFile; fileRef = BA8FBE1928A6431800F8E84D /* iphone.png */; };
		BA8FBE1C28A64BB400F8E84D /* DataType.swift in Sources */ = {isa = PBXBuildFile; fileRef = BA8FBE1B28A64BB400F8E84D /* DataType.swift */; };
		BA8FBE1E28A668F600F8E84D /* ImageProcessor.swift in Sources */ = {isa = PBXBuildFile; fileRef = BA8FBE1D28A668F600F8E84D /* ImageProcessor.swift */; };
		BAB1BBE528AA2BCF001803DF /* PDFFileCache.swift in Sources */ = {isa = PBXBuildFile; fileRef = BAB1BBE428AA2BCF001803DF /* PDFFileCache.swift */; };
		BAB1BBE828AA2F87001803DF /* StringExtension.swift in Sources */ = {isa = PBXBuildFile; fileRef = BAB1BBE728AA2F87001803DF /* StringExtension.swift */; };
		BAB1BBEA28AA3CF6001803DF /* DataExtension.swift in Sources */ = {isa = PBXBuildFile; fileRef = BAB1BBE928AA3CF6001803DF /* DataExtension.swift */; };
		BAF21A4D28AB86BD00A82E80 /* DiskCache.swift in Sources */ = {isa = PBXBuildFile; fileRef = BAF21A4C28AB86BD00A82E80 /* DiskCache.swift */; };
		BAF21A4F28AB87C200A82E80 /* LinkedList.swift in Sources */ = {isa = PBXBuildFile; fileRef = BAF21A4E28AB87C200A82E80 /* LinkedList.swift */; };
		BAF21A5128AB881400A82E80 /* CacheConfig.swift in Sources */ = {isa = PBXBuildFile; fileRef = BAF21A5028AB881400A82E80 /* CacheConfig.swift */; };
		C095582228A4AE5700FA16B9 /* BottomButton.swift in Sources */ = {isa = PBXBuildFile; fileRef = C095582128A4AE5700FA16B9 /* BottomButton.swift */; };
		C095582528A4B3B000FA16B9 /* ViewExtension.swift in Sources */ = {isa = PBXBuildFile; fileRef = C095582428A4B3B000FA16B9 /* ViewExtension.swift */; };
		C0A938D528ACC54500CFC17D /* GlidePDFKitAnnotationModel.swift in Sources */ = {isa = PBXBuildFile; fileRef = C0A938D328ACC54500CFC17D /* GlidePDFKitAnnotationModel.swift */; };
		C0A938D628ACC54500CFC17D /* GlidePDFKitImageAnnotation.swift in Sources */ = {isa = PBXBuildFile; fileRef = C0A938D428ACC54500CFC17D /* GlidePDFKitImageAnnotation.swift */; };
		C0EFC35528A4987E0084A4AA /* AppDelegate.swift in Sources */ = {isa = PBXBuildFile; fileRef = C0EFC35428A4987E0084A4AA /* AppDelegate.swift */; };
		C0EFC35728A4987E0084A4AA /* SceneDelegate.swift in Sources */ = {isa = PBXBuildFile; fileRef = C0EFC35628A4987E0084A4AA /* SceneDelegate.swift */; };
		C0EFC35928A4987E0084A4AA /* ViewController.swift in Sources */ = {isa = PBXBuildFile; fileRef = C0EFC35828A4987E0084A4AA /* ViewController.swift */; };
		C0EFC35E28A498800084A4AA /* Assets.xcassets in Resources */ = {isa = PBXBuildFile; fileRef = C0EFC35D28A498800084A4AA /* Assets.xcassets */; };
		C0EFC36128A498800084A4AA /* LaunchScreen.storyboard in Resources */ = {isa = PBXBuildFile; fileRef = C0EFC35F28A498800084A4AA /* LaunchScreen.storyboard */; };
		C0EFC36A28A499E30084A4AA /* SnapKit in Frameworks */ = {isa = PBXBuildFile; productRef = C0EFC36928A499E30084A4AA /* SnapKit */; };
		C73CF82528AD3EEA006CAB78 /* GlidePDFKitTextAnnotation.swift in Sources */ = {isa = PBXBuildFile; fileRef = C73CF82428AD3EEA006CAB78 /* GlidePDFKitTextAnnotation.swift */; };
		D620CE8928A9ED10002285EA /* GliderPDFService.swift in Sources */ = {isa = PBXBuildFile; fileRef = D620CE8828A9ED10002285EA /* GliderPDFService.swift */; };
		D620CE9228AB81A6002285EA /* MagnificationView.swift in Sources */ = {isa = PBXBuildFile; fileRef = D620CE9128AB81A6002285EA /* MagnificationView.swift */; };
		D620CE9428AB81C9002285EA /* MagnificationModifier.swift in Sources */ = {isa = PBXBuildFile; fileRef = D620CE9328AB81C9002285EA /* MagnificationModifier.swift */; };
		D62AF1BA28A535FA002E0D73 /* GalleryEntry.swift in Sources */ = {isa = PBXBuildFile; fileRef = D62AF1B428A535FA002E0D73 /* GalleryEntry.swift */; };
		D62AF1BB28A535FA002E0D73 /* GalleryView.swift in Sources */ = {isa = PBXBuildFile; fileRef = D62AF1B728A535FA002E0D73 /* GalleryView.swift */; };
		D62AF1BC28A535FA002E0D73 /* ViewModel.swift in Sources */ = {isa = PBXBuildFile; fileRef = D62AF1B628A535FA002E0D73 /* ViewModel.swift */; };
		D62AF1BD28A535FA002E0D73 /* GalleryItem.swift in Sources */ = {isa = PBXBuildFile; fileRef = D62AF1B828A535FA002E0D73 /* GalleryItem.swift */; };
		D62AF1BE28A535FA002E0D73 /* GalleryItemView.swift in Sources */ = {isa = PBXBuildFile; fileRef = D62AF1B928A535FA002E0D73 /* GalleryItemView.swift */; };
		D62AF1DB28A53698002E0D73 /* VTabView.swift in Sources */ = {isa = PBXBuildFile; fileRef = D62AF1D828A53698002E0D73 /* VTabView.swift */; };
/* End PBXBuildFile section */

/* Begin PBXFileReference section */
		BA8FBE0228A4AE7400F8E84D /* PDFLoader.swift */ = {isa = PBXFileReference; lastKnownFileType = sourcecode.swift; path = PDFLoader.swift; sourceTree = "<group>"; };
		BA8FBE0828A5E6E300F8E84D /* PDFDelegate.swift */ = {isa = PBXFileReference; lastKnownFileType = sourcecode.swift; path = PDFDelegate.swift; sourceTree = "<group>"; };
		BA8FBE0A28A5EF2200F8E84D /* PDFError.swift */ = {isa = PBXFileReference; lastKnownFileType = sourcecode.swift; path = PDFError.swift; sourceTree = "<group>"; };
		BA8FBE0E28A5F6EB00F8E84D /* big.pdf */ = {isa = PBXFileReference; lastKnownFileType = image.pdf; path = big.pdf; sourceTree = "<group>"; };
		BA8FBE1028A5FC5600F8E84D /* ProcessorProtocol.swift */ = {isa = PBXFileReference; lastKnownFileType = sourcecode.swift; path = ProcessorProtocol.swift; sourceTree = "<group>"; };
		BA8FBE1328A5FD5500F8E84D /* Page.swift */ = {isa = PBXFileReference; lastKnownFileType = sourcecode.swift; path = Page.swift; sourceTree = "<group>"; };
		BA8FBE1528A5FDE600F8E84D /* PdfProcessor.swift */ = {isa = PBXFileReference; lastKnownFileType = sourcecode.swift; path = PdfProcessor.swift; sourceTree = "<group>"; };
		BA8FBE1728A6343900F8E84D /* small.pdf */ = {isa = PBXFileReference; lastKnownFileType = image.pdf; path = small.pdf; sourceTree = "<group>"; };
		BA8FBE1928A6431800F8E84D /* iphone.png */ = {isa = PBXFileReference; lastKnownFileType = image.png; path = iphone.png; sourceTree = "<group>"; };
		BA8FBE1B28A64BB400F8E84D /* DataType.swift */ = {isa = PBXFileReference; lastKnownFileType = sourcecode.swift; path = DataType.swift; sourceTree = "<group>"; };
		BA8FBE1D28A668F600F8E84D /* ImageProcessor.swift */ = {isa = PBXFileReference; lastKnownFileType = sourcecode.swift; path = ImageProcessor.swift; sourceTree = "<group>"; };
		BAB1BBE428AA2BCF001803DF /* PDFFileCache.swift */ = {isa = PBXFileReference; lastKnownFileType = sourcecode.swift; path = PDFFileCache.swift; sourceTree = "<group>"; };
		BAB1BBE728AA2F87001803DF /* StringExtension.swift */ = {isa = PBXFileReference; lastKnownFileType = sourcecode.swift; path = StringExtension.swift; sourceTree = "<group>"; };
		BAB1BBE928AA3CF6001803DF /* DataExtension.swift */ = {isa = PBXFileReference; lastKnownFileType = sourcecode.swift; path = DataExtension.swift; sourceTree = "<group>"; };
		BAF21A4C28AB86BD00A82E80 /* DiskCache.swift */ = {isa = PBXFileReference; lastKnownFileType = sourcecode.swift; path = DiskCache.swift; sourceTree = "<group>"; };
		BAF21A4E28AB87C200A82E80 /* LinkedList.swift */ = {isa = PBXFileReference; lastKnownFileType = sourcecode.swift; path = LinkedList.swift; sourceTree = "<group>"; };
		BAF21A5028AB881400A82E80 /* CacheConfig.swift */ = {isa = PBXFileReference; lastKnownFileType = sourcecode.swift; path = CacheConfig.swift; sourceTree = "<group>"; };
		C095582128A4AE5700FA16B9 /* BottomButton.swift */ = {isa = PBXFileReference; lastKnownFileType = sourcecode.swift; path = BottomButton.swift; sourceTree = "<group>"; };
		C095582428A4B3B000FA16B9 /* ViewExtension.swift */ = {isa = PBXFileReference; lastKnownFileType = sourcecode.swift; path = ViewExtension.swift; sourceTree = "<group>"; };
		C0A938D328ACC54500CFC17D /* GlidePDFKitAnnotationModel.swift */ = {isa = PBXFileReference; fileEncoding = 4; lastKnownFileType = sourcecode.swift; path = GlidePDFKitAnnotationModel.swift; sourceTree = "<group>"; };
		C0A938D428ACC54500CFC17D /* GlidePDFKitImageAnnotation.swift */ = {isa = PBXFileReference; fileEncoding = 4; lastKnownFileType = sourcecode.swift; path = GlidePDFKitImageAnnotation.swift; sourceTree = "<group>"; };
		C0EFC35128A4987E0084A4AA /* GlidePDFKitDemo.app */ = {isa = PBXFileReference; explicitFileType = wrapper.application; includeInIndex = 0; path = GlidePDFKitDemo.app; sourceTree = BUILT_PRODUCTS_DIR; };
		C0EFC35428A4987E0084A4AA /* AppDelegate.swift */ = {isa = PBXFileReference; lastKnownFileType = sourcecode.swift; path = AppDelegate.swift; sourceTree = "<group>"; };
		C0EFC35628A4987E0084A4AA /* SceneDelegate.swift */ = {isa = PBXFileReference; lastKnownFileType = sourcecode.swift; path = SceneDelegate.swift; sourceTree = "<group>"; };
		C0EFC35828A4987E0084A4AA /* ViewController.swift */ = {isa = PBXFileReference; lastKnownFileType = sourcecode.swift; path = ViewController.swift; sourceTree = "<group>"; };
		C0EFC35D28A498800084A4AA /* Assets.xcassets */ = {isa = PBXFileReference; lastKnownFileType = folder.assetcatalog; path = Assets.xcassets; sourceTree = "<group>"; };
		C0EFC36028A498800084A4AA /* Base */ = {isa = PBXFileReference; lastKnownFileType = file.storyboard; name = Base; path = Base.lproj/LaunchScreen.storyboard; sourceTree = "<group>"; };
		C0EFC36228A498800084A4AA /* Info.plist */ = {isa = PBXFileReference; lastKnownFileType = text.plist.xml; path = Info.plist; sourceTree = "<group>"; };
		C73CF82428AD3EEA006CAB78 /* GlidePDFKitTextAnnotation.swift */ = {isa = PBXFileReference; lastKnownFileType = sourcecode.swift; path = GlidePDFKitTextAnnotation.swift; sourceTree = "<group>"; };
		D620CE8828A9ED10002285EA /* GliderPDFService.swift */ = {isa = PBXFileReference; lastKnownFileType = sourcecode.swift; path = GliderPDFService.swift; sourceTree = "<group>"; };
		D620CE9128AB81A6002285EA /* MagnificationView.swift */ = {isa = PBXFileReference; lastKnownFileType = sourcecode.swift; path = MagnificationView.swift; sourceTree = "<group>"; };
		D620CE9328AB81C9002285EA /* MagnificationModifier.swift */ = {isa = PBXFileReference; lastKnownFileType = sourcecode.swift; path = MagnificationModifier.swift; sourceTree = "<group>"; };
		D62AF1B428A535FA002E0D73 /* GalleryEntry.swift */ = {isa = PBXFileReference; lastKnownFileType = sourcecode.swift; path = GalleryEntry.swift; sourceTree = "<group>"; };
		D62AF1B628A535FA002E0D73 /* ViewModel.swift */ = {isa = PBXFileReference; lastKnownFileType = sourcecode.swift; path = ViewModel.swift; sourceTree = "<group>"; };
		D62AF1B728A535FA002E0D73 /* GalleryView.swift */ = {isa = PBXFileReference; lastKnownFileType = sourcecode.swift; path = GalleryView.swift; sourceTree = "<group>"; };
		D62AF1B828A535FA002E0D73 /* GalleryItem.swift */ = {isa = PBXFileReference; lastKnownFileType = sourcecode.swift; path = GalleryItem.swift; sourceTree = "<group>"; };
		D62AF1B928A535FA002E0D73 /* GalleryItemView.swift */ = {isa = PBXFileReference; lastKnownFileType = sourcecode.swift; path = GalleryItemView.swift; sourceTree = "<group>"; };
		D62AF1D828A53698002E0D73 /* VTabView.swift */ = {isa = PBXFileReference; fileEncoding = 4; lastKnownFileType = sourcecode.swift; path = VTabView.swift; sourceTree = "<group>"; };
/* End PBXFileReference section */

/* Begin PBXFrameworksBuildPhase section */
		C0EFC34E28A4987E0084A4AA /* Frameworks */ = {
			isa = PBXFrameworksBuildPhase;
			buildActionMask = 2147483647;
			files = (
				C0EFC36A28A499E30084A4AA /* SnapKit in Frameworks */,
			);
			runOnlyForDeploymentPostprocessing = 0;
		};
/* End PBXFrameworksBuildPhase section */

/* Begin PBXGroup section */
		BA8FBE1228A5FD3900F8E84D /* Processor */ = {
			isa = PBXGroup;
			children = (
				BA8FBE1028A5FC5600F8E84D /* ProcessorProtocol.swift */,
				BA8FBE1328A5FD5500F8E84D /* Page.swift */,
				BA8FBE1528A5FDE600F8E84D /* PdfProcessor.swift */,
				BA8FBE1D28A668F600F8E84D /* ImageProcessor.swift */,
			);
			path = Processor;
			sourceTree = "<group>";
		};
		BAB1BBE228A9F215001803DF /* Resource */ = {
			isa = PBXGroup;
			children = (
				BA8FBE0E28A5F6EB00F8E84D /* big.pdf */,
				BA8FBE1728A6343900F8E84D /* small.pdf */,
				BA8FBE1928A6431800F8E84D /* iphone.png */,
			);
			path = Resource;
			sourceTree = "<group>";
		};
		BAB1BBE328A9F2EB001803DF /* PDFLoader */ = {
			isa = PBXGroup;
			children = (
				BAF21A5228AB912B00A82E80 /* Cache */,
				BA8FBE0828A5E6E300F8E84D /* PDFDelegate.swift */,
				BA8FBE0A28A5EF2200F8E84D /* PDFError.swift */,
				BA8FBE1B28A64BB400F8E84D /* DataType.swift */,
				BA8FBE0228A4AE7400F8E84D /* PDFLoader.swift */,
				BA8FBE1228A5FD3900F8E84D /* Processor */,
			);
			path = PDFLoader;
			sourceTree = "<group>";
		};
		BAB1BBE628AA2F77001803DF /* Extension */ = {
			isa = PBXGroup;
			children = (
				BAB1BBE728AA2F87001803DF /* StringExtension.swift */,
				BAB1BBE928AA3CF6001803DF /* DataExtension.swift */,
			);
			path = Extension;
			sourceTree = "<group>";
		};
		BAF21A5228AB912B00A82E80 /* Cache */ = {
			isa = PBXGroup;
			children = (
				BAF21A4C28AB86BD00A82E80 /* DiskCache.swift */,
				BAF21A4E28AB87C200A82E80 /* LinkedList.swift */,
				BAF21A5028AB881400A82E80 /* CacheConfig.swift */,
				BAB1BBE428AA2BCF001803DF /* PDFFileCache.swift */,
			);
			path = Cache;
			sourceTree = "<group>";
		};
		C095582028A4AE3900FA16B9 /* Views */ = {
			isa = PBXGroup;
			children = (
				C095582128A4AE5700FA16B9 /* BottomButton.swift */,
			);
			path = Views;
			sourceTree = "<group>";
		};
		C095582328A4B39A00FA16B9 /* Extension */ = {
			isa = PBXGroup;
			children = (
				C095582428A4B3B000FA16B9 /* ViewExtension.swift */,
			);
			path = Extension;
			sourceTree = "<group>";
		};
		C0A938D228ACC54500CFC17D /* Annotation */ = {
			isa = PBXGroup;
			children = (
				C0A938D328ACC54500CFC17D /* GlidePDFKitAnnotationModel.swift */,
				C0A938D428ACC54500CFC17D /* GlidePDFKitImageAnnotation.swift */,
				C73CF82428AD3EEA006CAB78 /* GlidePDFKitTextAnnotation.swift */,
			);
			path = Annotation;
			sourceTree = "<group>";
		};
		C0EFC34828A4987E0084A4AA = {
			isa = PBXGroup;
			children = (
				C754E57128AA276900EF7FE5 /* GlidePDFKit */,
				C0EFC35328A4987E0084A4AA /* GlidePDFKitDemo */,
				C0EFC35228A4987E0084A4AA /* Products */,
			);
			sourceTree = "<group>";
		};
		C0EFC35228A4987E0084A4AA /* Products */ = {
			isa = PBXGroup;
			children = (
				C0EFC35128A4987E0084A4AA /* GlidePDFKitDemo.app */,
			);
			name = Products;
			sourceTree = "<group>";
		};
		C0EFC35328A4987E0084A4AA /* GlidePDFKitDemo */ = {
			isa = PBXGroup;
			children = (
				BAB1BBE228A9F215001803DF /* Resource */,
				C0EFC35428A4987E0084A4AA /* AppDelegate.swift */,
				C0EFC35628A4987E0084A4AA /* SceneDelegate.swift */,
				C0EFC35828A4987E0084A4AA /* ViewController.swift */,
				C095582328A4B39A00FA16B9 /* Extension */,
				C095582028A4AE3900FA16B9 /* Views */,
				C0EFC35D28A498800084A4AA /* Assets.xcassets */,
				C0EFC35F28A498800084A4AA /* LaunchScreen.storyboard */,
				C0EFC36228A498800084A4AA /* Info.plist */,
			);
			path = GlidePDFKitDemo;
			sourceTree = "<group>";
		};
		C754E57128AA276900EF7FE5 /* GlidePDFKit */ = {
			isa = PBXGroup;
			children = (
				BAB1BBE628AA2F77001803DF /* Extension */,
				D62AF1C028A53612002E0D73 /* PDFGallery */,
				BAB1BBE328A9F2EB001803DF /* PDFLoader */,
			);
			path = GlidePDFKit;
			sourceTree = "<group>";
		};
		D620CE9028AB8192002285EA /* MagnificationView */ = {
			isa = PBXGroup;
			children = (
				D620CE9128AB81A6002285EA /* MagnificationView.swift */,
				D620CE9328AB81C9002285EA /* MagnificationModifier.swift */,
			);
			path = MagnificationView;
			sourceTree = "<group>";
		};
		D62AF1C028A53612002E0D73 /* PDFGallery */ = {
			isa = PBXGroup;
			children = (
				C0A938D228ACC54500CFC17D /* Annotation */,
				D62AF1DE28A536A9002E0D73 /* Components */,
				D62AF1B628A535FA002E0D73 /* ViewModel.swift */,
				D62AF1B428A535FA002E0D73 /* GalleryEntry.swift */,
				D62AF1B928A535FA002E0D73 /* GalleryItemView.swift */,
				D62AF1B728A535FA002E0D73 /* GalleryView.swift */,
				D62AF1B828A535FA002E0D73 /* GalleryItem.swift */,
				D620CE8828A9ED10002285EA /* GliderPDFService.swift */,
			);
			path = PDFGallery;
			sourceTree = "<group>";
		};
		D62AF1DE28A536A9002E0D73 /* Components */ = {
			isa = PBXGroup;
			children = (
				D620CE9028AB8192002285EA /* MagnificationView */,
				D62AF1D828A53698002E0D73 /* VTabView.swift */,
			);
			path = Components;
			sourceTree = "<group>";
		};
/* End PBXGroup section */

/* Begin PBXNativeTarget section */
		C0EFC35028A4987E0084A4AA /* GlidePDFKitDemo */ = {
			isa = PBXNativeTarget;
			buildConfigurationList = C0EFC36528A498800084A4AA /* Build configuration list for PBXNativeTarget "GlidePDFKitDemo" */;
			buildPhases = (
				C0EFC34D28A4987E0084A4AA /* Sources */,
				C0EFC34E28A4987E0084A4AA /* Frameworks */,
				C0EFC34F28A4987E0084A4AA /* Resources */,
			);
			buildRules = (
			);
			dependencies = (
			);
			name = GlidePDFKitDemo;
			packageProductDependencies = (
				C0EFC36928A499E30084A4AA /* SnapKit */,
			);
			productName = GlidePDFKitDemo;
			productReference = C0EFC35128A4987E0084A4AA /* GlidePDFKitDemo.app */;
			productType = "com.apple.product-type.application";
		};
/* End PBXNativeTarget section */

/* Begin PBXProject section */
		C0EFC34928A4987E0084A4AA /* Project object */ = {
			isa = PBXProject;
			attributes = {
				BuildIndependentTargetsInParallel = 1;
				LastSwiftUpdateCheck = 1320;
				LastUpgradeCheck = 1320;
				TargetAttributes = {
					C0EFC35028A4987E0084A4AA = {
						CreatedOnToolsVersion = 13.2.1;
					};
				};
			};
			buildConfigurationList = C0EFC34C28A4987E0084A4AA /* Build configuration list for PBXProject "GlidePDFKitDemo" */;
			compatibilityVersion = "Xcode 13.0";
			developmentRegion = en;
			hasScannedForEncodings = 0;
			knownRegions = (
				en,
				Base,
			);
			mainGroup = C0EFC34828A4987E0084A4AA;
			packageReferences = (
				C0EFC36828A499E30084A4AA /* XCRemoteSwiftPackageReference "SnapKit" */,
			);
			productRefGroup = C0EFC35228A4987E0084A4AA /* Products */;
			projectDirPath = "";
			projectRoot = "";
			targets = (
				C0EFC35028A4987E0084A4AA /* GlidePDFKitDemo */,
			);
		};
/* End PBXProject section */

/* Begin PBXResourcesBuildPhase section */
		C0EFC34F28A4987E0084A4AA /* Resources */ = {
			isa = PBXResourcesBuildPhase;
			buildActionMask = 2147483647;
			files = (
				BA8FBE1828A6343900F8E84D /* small.pdf in Resources */,
				C0EFC36128A498800084A4AA /* LaunchScreen.storyboard in Resources */,
				BA8FBE1A28A6431800F8E84D /* iphone.png in Resources */,
				C0EFC35E28A498800084A4AA /* Assets.xcassets in Resources */,
				BA8FBE0F28A5F6EB00F8E84D /* big.pdf in Resources */,
			);
			runOnlyForDeploymentPostprocessing = 0;
		};
/* End PBXResourcesBuildPhase section */

/* Begin PBXSourcesBuildPhase section */
		C0EFC34D28A4987E0084A4AA /* Sources */ = {
			isa = PBXSourcesBuildPhase;
			buildActionMask = 2147483647;
			files = (
				D62AF1BD28A535FA002E0D73 /* GalleryItem.swift in Sources */,
				C0EFC35928A4987E0084A4AA /* ViewController.swift in Sources */,
				BA8FBE1C28A64BB400F8E84D /* DataType.swift in Sources */,
				BA8FBE1628A5FDE600F8E84D /* PdfProcessor.swift in Sources */,
				BA8FBE0328A4AE7400F8E84D /* PDFLoader.swift in Sources */,
				BA8FBE1E28A668F600F8E84D /* ImageProcessor.swift in Sources */,
				C0A938D528ACC54500CFC17D /* GlidePDFKitAnnotationModel.swift in Sources */,
				BA8FBE0928A5E6E300F8E84D /* PDFDelegate.swift in Sources */,
				C73CF82528AD3EEA006CAB78 /* GlidePDFKitTextAnnotation.swift in Sources */,
				BAF21A4D28AB86BD00A82E80 /* DiskCache.swift in Sources */,
				D62AF1BE28A535FA002E0D73 /* GalleryItemView.swift in Sources */,
				BAF21A4F28AB87C200A82E80 /* LinkedList.swift in Sources */,
				D62AF1DB28A53698002E0D73 /* VTabView.swift in Sources */,
				BAB1BBEA28AA3CF6001803DF /* DataExtension.swift in Sources */,
				C0EFC35528A4987E0084A4AA /* AppDelegate.swift in Sources */,
				BAF21A5128AB881400A82E80 /* CacheConfig.swift in Sources */,
				D620CE8928A9ED10002285EA /* GliderPDFService.swift in Sources */,
				BA8FBE1428A5FD5500F8E84D /* Page.swift in Sources */,
				D620CE9428AB81C9002285EA /* MagnificationModifier.swift in Sources */,
				C095582228A4AE5700FA16B9 /* BottomButton.swift in Sources */,
				BA8FBE0B28A5EF2200F8E84D /* PDFError.swift in Sources */,
				C0A938D628ACC54500CFC17D /* GlidePDFKitImageAnnotation.swift in Sources */,
				BA8FBE1128A5FC5600F8E84D /* ProcessorProtocol.swift in Sources */,
				C0EFC35728A4987E0084A4AA /* SceneDelegate.swift in Sources */,
				C095582528A4B3B000FA16B9 /* ViewExtension.swift in Sources */,
				BAB1BBE528AA2BCF001803DF /* PDFFileCache.swift in Sources */,
				D62AF1BA28A535FA002E0D73 /* GalleryEntry.swift in Sources */,
				BAB1BBE828AA2F87001803DF /* StringExtension.swift in Sources */,
				D62AF1BB28A535FA002E0D73 /* GalleryView.swift in Sources */,
				D620CE9228AB81A6002285EA /* MagnificationView.swift in Sources */,
				D62AF1BC28A535FA002E0D73 /* ViewModel.swift in Sources */,
			);
			runOnlyForDeploymentPostprocessing = 0;
		};
/* End PBXSourcesBuildPhase section */

/* Begin PBXVariantGroup section */
		C0EFC35F28A498800084A4AA /* LaunchScreen.storyboard */ = {
			isa = PBXVariantGroup;
			children = (
				C0EFC36028A498800084A4AA /* Base */,
			);
			name = LaunchScreen.storyboard;
			sourceTree = "<group>";
		};
/* End PBXVariantGroup section */

/* Begin XCBuildConfiguration section */
		C0EFC36328A498800084A4AA /* Debug */ = {
			isa = XCBuildConfiguration;
			buildSettings = {
				ALWAYS_SEARCH_USER_PATHS = NO;
				CLANG_ANALYZER_NONNULL = YES;
				CLANG_ANALYZER_NUMBER_OBJECT_CONVERSION = YES_AGGRESSIVE;
				CLANG_CXX_LANGUAGE_STANDARD = "gnu++17";
				CLANG_CXX_LIBRARY = "libc++";
				CLANG_ENABLE_MODULES = YES;
				CLANG_ENABLE_OBJC_ARC = YES;
				CLANG_ENABLE_OBJC_WEAK = YES;
				CLANG_WARN_BLOCK_CAPTURE_AUTORELEASING = YES;
				CLANG_WARN_BOOL_CONVERSION = YES;
				CLANG_WARN_COMMA = YES;
				CLANG_WARN_CONSTANT_CONVERSION = YES;
				CLANG_WARN_DEPRECATED_OBJC_IMPLEMENTATIONS = YES;
				CLANG_WARN_DIRECT_OBJC_ISA_USAGE = YES_ERROR;
				CLANG_WARN_DOCUMENTATION_COMMENTS = YES;
				CLANG_WARN_EMPTY_BODY = YES;
				CLANG_WARN_ENUM_CONVERSION = YES;
				CLANG_WARN_INFINITE_RECURSION = YES;
				CLANG_WARN_INT_CONVERSION = YES;
				CLANG_WARN_NON_LITERAL_NULL_CONVERSION = YES;
				CLANG_WARN_OBJC_IMPLICIT_RETAIN_SELF = YES;
				CLANG_WARN_OBJC_LITERAL_CONVERSION = YES;
				CLANG_WARN_OBJC_ROOT_CLASS = YES_ERROR;
				CLANG_WARN_QUOTED_INCLUDE_IN_FRAMEWORK_HEADER = YES;
				CLANG_WARN_RANGE_LOOP_ANALYSIS = YES;
				CLANG_WARN_STRICT_PROTOTYPES = YES;
				CLANG_WARN_SUSPICIOUS_MOVE = YES;
				CLANG_WARN_UNGUARDED_AVAILABILITY = YES_AGGRESSIVE;
				CLANG_WARN_UNREACHABLE_CODE = YES;
				CLANG_WARN__DUPLICATE_METHOD_MATCH = YES;
				COPY_PHASE_STRIP = NO;
				DEBUG_INFORMATION_FORMAT = dwarf;
				ENABLE_STRICT_OBJC_MSGSEND = YES;
				ENABLE_TESTABILITY = YES;
				GCC_C_LANGUAGE_STANDARD = gnu11;
				GCC_DYNAMIC_NO_PIC = NO;
				GCC_NO_COMMON_BLOCKS = YES;
				GCC_OPTIMIZATION_LEVEL = 0;
				GCC_PREPROCESSOR_DEFINITIONS = (
					"DEBUG=1",
					"$(inherited)",
				);
				GCC_WARN_64_TO_32_BIT_CONVERSION = YES;
				GCC_WARN_ABOUT_RETURN_TYPE = YES_ERROR;
				GCC_WARN_UNDECLARED_SELECTOR = YES;
				GCC_WARN_UNINITIALIZED_AUTOS = YES_AGGRESSIVE;
				GCC_WARN_UNUSED_FUNCTION = YES;
				GCC_WARN_UNUSED_VARIABLE = YES;
				IPHONEOS_DEPLOYMENT_TARGET = 15.2;
				MTL_ENABLE_DEBUG_INFO = INCLUDE_SOURCE;
				MTL_FAST_MATH = YES;
				ONLY_ACTIVE_ARCH = YES;
				SDKROOT = iphoneos;
				SWIFT_ACTIVE_COMPILATION_CONDITIONS = DEBUG;
				SWIFT_OPTIMIZATION_LEVEL = "-Onone";
			};
			name = Debug;
		};
		C0EFC36428A498800084A4AA /* Release */ = {
			isa = XCBuildConfiguration;
			buildSettings = {
				ALWAYS_SEARCH_USER_PATHS = NO;
				CLANG_ANALYZER_NONNULL = YES;
				CLANG_ANALYZER_NUMBER_OBJECT_CONVERSION = YES_AGGRESSIVE;
				CLANG_CXX_LANGUAGE_STANDARD = "gnu++17";
				CLANG_CXX_LIBRARY = "libc++";
				CLANG_ENABLE_MODULES = YES;
				CLANG_ENABLE_OBJC_ARC = YES;
				CLANG_ENABLE_OBJC_WEAK = YES;
				CLANG_WARN_BLOCK_CAPTURE_AUTORELEASING = YES;
				CLANG_WARN_BOOL_CONVERSION = YES;
				CLANG_WARN_COMMA = YES;
				CLANG_WARN_CONSTANT_CONVERSION = YES;
				CLANG_WARN_DEPRECATED_OBJC_IMPLEMENTATIONS = YES;
				CLANG_WARN_DIRECT_OBJC_ISA_USAGE = YES_ERROR;
				CLANG_WARN_DOCUMENTATION_COMMENTS = YES;
				CLANG_WARN_EMPTY_BODY = YES;
				CLANG_WARN_ENUM_CONVERSION = YES;
				CLANG_WARN_INFINITE_RECURSION = YES;
				CLANG_WARN_INT_CONVERSION = YES;
				CLANG_WARN_NON_LITERAL_NULL_CONVERSION = YES;
				CLANG_WARN_OBJC_IMPLICIT_RETAIN_SELF = YES;
				CLANG_WARN_OBJC_LITERAL_CONVERSION = YES;
				CLANG_WARN_OBJC_ROOT_CLASS = YES_ERROR;
				CLANG_WARN_QUOTED_INCLUDE_IN_FRAMEWORK_HEADER = YES;
				CLANG_WARN_RANGE_LOOP_ANALYSIS = YES;
				CLANG_WARN_STRICT_PROTOTYPES = YES;
				CLANG_WARN_SUSPICIOUS_MOVE = YES;
				CLANG_WARN_UNGUARDED_AVAILABILITY = YES_AGGRESSIVE;
				CLANG_WARN_UNREACHABLE_CODE = YES;
				CLANG_WARN__DUPLICATE_METHOD_MATCH = YES;
				COPY_PHASE_STRIP = NO;
				DEBUG_INFORMATION_FORMAT = "dwarf-with-dsym";
				ENABLE_NS_ASSERTIONS = NO;
				ENABLE_STRICT_OBJC_MSGSEND = YES;
				GCC_C_LANGUAGE_STANDARD = gnu11;
				GCC_NO_COMMON_BLOCKS = YES;
				GCC_WARN_64_TO_32_BIT_CONVERSION = YES;
				GCC_WARN_ABOUT_RETURN_TYPE = YES_ERROR;
				GCC_WARN_UNDECLARED_SELECTOR = YES;
				GCC_WARN_UNINITIALIZED_AUTOS = YES_AGGRESSIVE;
				GCC_WARN_UNUSED_FUNCTION = YES;
				GCC_WARN_UNUSED_VARIABLE = YES;
				IPHONEOS_DEPLOYMENT_TARGET = 15.2;
				MTL_ENABLE_DEBUG_INFO = NO;
				MTL_FAST_MATH = YES;
				SDKROOT = iphoneos;
				SWIFT_COMPILATION_MODE = wholemodule;
				SWIFT_OPTIMIZATION_LEVEL = "-O";
				VALIDATE_PRODUCT = YES;
			};
			name = Release;
		};
		C0EFC36628A498800084A4AA /* Debug */ = {
			isa = XCBuildConfiguration;
			buildSettings = {
				ASSETCATALOG_COMPILER_APPICON_NAME = AppIcon;
				ASSETCATALOG_COMPILER_GLOBAL_ACCENT_COLOR_NAME = AccentColor;
				CODE_SIGN_STYLE = Automatic;
				CURRENT_PROJECT_VERSION = 1;
				GENERATE_INFOPLIST_FILE = YES;
				INFOPLIST_FILE = GlidePDFKitDemo/Info.plist;
				INFOPLIST_KEY_UIApplicationSupportsIndirectInputEvents = YES;
				INFOPLIST_KEY_UILaunchStoryboardName = LaunchScreen;
				INFOPLIST_KEY_UISupportedInterfaceOrientations_iPad = "UIInterfaceOrientationPortrait UIInterfaceOrientationPortraitUpsideDown UIInterfaceOrientationLandscapeLeft UIInterfaceOrientationLandscapeRight";
				INFOPLIST_KEY_UISupportedInterfaceOrientations_iPhone = "UIInterfaceOrientationPortrait UIInterfaceOrientationLandscapeLeft UIInterfaceOrientationLandscapeRight";
				LD_RUNPATH_SEARCH_PATHS = (
					"$(inherited)",
					"@executable_path/Frameworks",
				);
				MARKETING_VERSION = 1.0;
				PRODUCT_BUNDLE_IDENTIFIER = compass.GlidePDFKitDemo;
				PRODUCT_NAME = "$(TARGET_NAME)";
				SWIFT_EMIT_LOC_STRINGS = YES;
				SWIFT_VERSION = 5.0;
				TARGETED_DEVICE_FAMILY = "1,2";
			};
			name = Debug;
		};
		C0EFC36728A498800084A4AA /* Release */ = {
			isa = XCBuildConfiguration;
			buildSettings = {
				ASSETCATALOG_COMPILER_APPICON_NAME = AppIcon;
				ASSETCATALOG_COMPILER_GLOBAL_ACCENT_COLOR_NAME = AccentColor;
				CODE_SIGN_STYLE = Automatic;
				CURRENT_PROJECT_VERSION = 1;
				GENERATE_INFOPLIST_FILE = YES;
				INFOPLIST_FILE = GlidePDFKitDemo/Info.plist;
				INFOPLIST_KEY_UIApplicationSupportsIndirectInputEvents = YES;
				INFOPLIST_KEY_UILaunchStoryboardName = LaunchScreen;
				INFOPLIST_KEY_UISupportedInterfaceOrientations_iPad = "UIInterfaceOrientationPortrait UIInterfaceOrientationPortraitUpsideDown UIInterfaceOrientationLandscapeLeft UIInterfaceOrientationLandscapeRight";
				INFOPLIST_KEY_UISupportedInterfaceOrientations_iPhone = "UIInterfaceOrientationPortrait UIInterfaceOrientationLandscapeLeft UIInterfaceOrientationLandscapeRight";
				LD_RUNPATH_SEARCH_PATHS = (
					"$(inherited)",
					"@executable_path/Frameworks",
				);
				MARKETING_VERSION = 1.0;
				PRODUCT_BUNDLE_IDENTIFIER = compass.GlidePDFKitDemo;
				PRODUCT_NAME = "$(TARGET_NAME)";
				SWIFT_EMIT_LOC_STRINGS = YES;
				SWIFT_VERSION = 5.0;
				TARGETED_DEVICE_FAMILY = "1,2";
			};
			name = Release;
		};
/* End XCBuildConfiguration section */

/* Begin XCConfigurationList section */
		C0EFC34C28A4987E0084A4AA /* Build configuration list for PBXProject "GlidePDFKitDemo" */ = {
			isa = XCConfigurationList;
			buildConfigurations = (
				C0EFC36328A498800084A4AA /* Debug */,
				C0EFC36428A498800084A4AA /* Release */,
			);
			defaultConfigurationIsVisible = 0;
			defaultConfigurationName = Release;
		};
		C0EFC36528A498800084A4AA /* Build configuration list for PBXNativeTarget "GlidePDFKitDemo" */ = {
			isa = XCConfigurationList;
			buildConfigurations = (
				C0EFC36628A498800084A4AA /* Debug */,
				C0EFC36728A498800084A4AA /* Release */,
			);
			defaultConfigurationIsVisible = 0;
			defaultConfigurationName = Release;
		};
/* End XCConfigurationList section */

/* Begin XCRemoteSwiftPackageReference section */
		C0EFC36828A499E30084A4AA /* XCRemoteSwiftPackageReference "SnapKit" */ = {
			isa = XCRemoteSwiftPackageReference;
			repositoryURL = "https://github.com/SnapKit/SnapKit.git";
			requirement = {
				branch = develop;
				kind = branch;
			};
		};
/* End XCRemoteSwiftPackageReference section */

/* Begin XCSwiftPackageProductDependency section */
		C0EFC36928A499E30084A4AA /* SnapKit */ = {
			isa = XCSwiftPackageProductDependency;
			package = C0EFC36828A499E30084A4AA /* XCRemoteSwiftPackageReference "SnapKit" */;
			productName = SnapKit;
		};
/* End XCSwiftPackageProductDependency section */
	};
	rootObject = C0EFC34928A4987E0084A4AA /* Project object */;
}
