// !$*UTF8*$!
{
	archiveVersion = 1;
	classes = {
	};
	objectVersion = 55;
	objects = {

/* Begin PBXBuildFile section */
		BA8FBE0328A4AE7400F8E84D /* PDFView.swift in Sources */ = {isa = PBXBuildFile; fileRef = BA8FBE0228A4AE7400F8E84D /* PDFView.swift */; };
		BA8FBE0928A5E6E300F8E84D /* PDFDelegate.swift in Sources */ = {isa = PBXBuildFile; fileRef = BA8FBE0828A5E6E300F8E84D /* PDFDelegate.swift */; };
		BA8FBE0B28A5EF2200F8E84D /* PDFError.swift in Sources */ = {isa = PBXBuildFile; fileRef = BA8FBE0A28A5EF2200F8E84D /* PDFError.swift */; };
		BA8FBE0F28A5F6EB00F8E84D /* swift.pdf in Resources */ = {isa = PBXBuildFile; fileRef = BA8FBE0E28A5F6EB00F8E84D /* swift.pdf */; };
		BA8FBE1128A5FC5600F8E84D /* ProcessorProtocol.swift in Sources */ = {isa = PBXBuildFile; fileRef = BA8FBE1028A5FC5600F8E84D /* ProcessorProtocol.swift */; };
		BA8FBE1428A5FD5500F8E84D /* Page.swift in Sources */ = {isa = PBXBuildFile; fileRef = BA8FBE1328A5FD5500F8E84D /* Page.swift */; };
		BA8FBE1628A5FDE600F8E84D /* PdfProcessor.swift in Sources */ = {isa = PBXBuildFile; fileRef = BA8FBE1528A5FDE600F8E84D /* PdfProcessor.swift */; };
		BA8FBE1828A6343900F8E84D /* read-only.pdf in Resources */ = {isa = PBXBuildFile; fileRef = BA8FBE1728A6343900F8E84D /* read-only.pdf */; };
		BA8FBE1A28A6431800F8E84D /* iphone in Resources */ = {isa = PBXBuildFile; fileRef = BA8FBE1928A6431800F8E84D /* iphone */; };
		BA8FBE1C28A64BB400F8E84D /* DataType.swift in Sources */ = {isa = PBXBuildFile; fileRef = BA8FBE1B28A64BB400F8E84D /* DataType.swift */; };
		BA8FBE1E28A668F600F8E84D /* ImageProcessor.swift in Sources */ = {isa = PBXBuildFile; fileRef = BA8FBE1D28A668F600F8E84D /* ImageProcessor.swift */; };
		C095582228A4AE5700FA16B9 /* BottomButton.swift in Sources */ = {isa = PBXBuildFile; fileRef = C095582128A4AE5700FA16B9 /* BottomButton.swift */; };
		C095582528A4B3B000FA16B9 /* ViewExtension.swift in Sources */ = {isa = PBXBuildFile; fileRef = C095582428A4B3B000FA16B9 /* ViewExtension.swift */; };
		C0EFC35528A4987E0084A4AA /* AppDelegate.swift in Sources */ = {isa = PBXBuildFile; fileRef = C0EFC35428A4987E0084A4AA /* AppDelegate.swift */; };
		C0EFC35728A4987E0084A4AA /* SceneDelegate.swift in Sources */ = {isa = PBXBuildFile; fileRef = C0EFC35628A4987E0084A4AA /* SceneDelegate.swift */; };
		C0EFC35928A4987E0084A4AA /* ViewController.swift in Sources */ = {isa = PBXBuildFile; fileRef = C0EFC35828A4987E0084A4AA /* ViewController.swift */; };
		C0EFC35E28A498800084A4AA /* Assets.xcassets in Resources */ = {isa = PBXBuildFile; fileRef = C0EFC35D28A498800084A4AA /* Assets.xcassets */; };
		C0EFC36128A498800084A4AA /* LaunchScreen.storyboard in Resources */ = {isa = PBXBuildFile; fileRef = C0EFC35F28A498800084A4AA /* LaunchScreen.storyboard */; };
		C0EFC36A28A499E30084A4AA /* SnapKit in Frameworks */ = {isa = PBXBuildFile; productRef = C0EFC36928A499E30084A4AA /* SnapKit */; };
		D62AF1BA28A535FA002E0D73 /* GalleryEntry.swift in Sources */ = {isa = PBXBuildFile; fileRef = D62AF1B428A535FA002E0D73 /* GalleryEntry.swift */; };
		D62AF1BB28A535FA002E0D73 /* GalleryView.swift in Sources */ = {isa = PBXBuildFile; fileRef = D62AF1B728A535FA002E0D73 /* GalleryView.swift */; };
		D62AF1BC28A535FA002E0D73 /* DataModel.swift in Sources */ = {isa = PBXBuildFile; fileRef = D62AF1B628A535FA002E0D73 /* DataModel.swift */; };
		D62AF1BD28A535FA002E0D73 /* Item.swift in Sources */ = {isa = PBXBuildFile; fileRef = D62AF1B828A535FA002E0D73 /* Item.swift */; };
		D62AF1BE28A535FA002E0D73 /* GalleryItemView.swift in Sources */ = {isa = PBXBuildFile; fileRef = D62AF1B928A535FA002E0D73 /* GalleryItemView.swift */; };
		D62AF1DB28A53698002E0D73 /* VTabView.swift in Sources */ = {isa = PBXBuildFile; fileRef = D62AF1D828A53698002E0D73 /* VTabView.swift */; };
		D62AF1DC28A53698002E0D73 /* ZoomableView.swift in Sources */ = {isa = PBXBuildFile; fileRef = D62AF1D928A53698002E0D73 /* ZoomableView.swift */; };
		D62AF1DD28A53698002E0D73 /* ZoomableModifier.swift in Sources */ = {isa = PBXBuildFile; fileRef = D62AF1DA28A53698002E0D73 /* ZoomableModifier.swift */; };
		D62AF1DF28A54198002E0D73 /* bullElk.jpg in Resources */ = {isa = PBXBuildFile; fileRef = D62AF1C128A53632002E0D73 /* bullElk.jpg */; };
		D62AF1E028A54198002E0D73 /* bullElkSparring.jpg in Resources */ = {isa = PBXBuildFile; fileRef = D62AF1D028A53633002E0D73 /* bullElkSparring.jpg */; };
		D62AF1E128A54198002E0D73 /* bullTuleElkAndTwoFemales.jpg in Resources */ = {isa = PBXBuildFile; fileRef = D62AF1D428A53633002E0D73 /* bullTuleElkAndTwoFemales.jpg */; };
		D62AF1E228A54198002E0D73 /* coyoteAndBison.jpg in Resources */ = {isa = PBXBuildFile; fileRef = D62AF1C828A53632002E0D73 /* coyoteAndBison.jpg */; };
		D62AF1E328A54198002E0D73 /* doubleRainbowLowerMammoth.jpg in Resources */ = {isa = PBXBuildFile; fileRef = D62AF1C728A53632002E0D73 /* doubleRainbowLowerMammoth.jpg */; };
		D62AF1E428A54198002E0D73 /* doubleRainbowYellowstone.jpg in Resources */ = {isa = PBXBuildFile; fileRef = D62AF1C528A53632002E0D73 /* doubleRainbowYellowstone.jpg */; };
		D62AF1E528A54198002E0D73 /* grizzly.jpg in Resources */ = {isa = PBXBuildFile; fileRef = D62AF1CD28A53632002E0D73 /* grizzly.jpg */; };
		D62AF1E628A54198002E0D73 /* grizzlyCubs.jpg in Resources */ = {isa = PBXBuildFile; fileRef = D62AF1CE28A53632002E0D73 /* grizzlyCubs.jpg */; };
		D62AF1E728A54198002E0D73 /* groundSquirrel.jpg in Resources */ = {isa = PBXBuildFile; fileRef = D62AF1D528A53633002E0D73 /* groundSquirrel.jpg */; };
		D62AF1E828A54198002E0D73 /* harborSeal.jpg in Resources */ = {isa = PBXBuildFile; fileRef = D62AF1C228A53632002E0D73 /* harborSeal.jpg */; };
		D62AF1E928A54198002E0D73 /* harborSealPup.jpg in Resources */ = {isa = PBXBuildFile; fileRef = D62AF1CC28A53632002E0D73 /* harborSealPup.jpg */; };
		D62AF1EA28A54198002E0D73 /* heartSpring.jpg in Resources */ = {isa = PBXBuildFile; fileRef = D62AF1D128A53633002E0D73 /* heartSpring.jpg */; };
		D62AF1EB28A54198002E0D73 /* newGrowthOfAntlers.jpg in Resources */ = {isa = PBXBuildFile; fileRef = D62AF1C928A53632002E0D73 /* newGrowthOfAntlers.jpg */; };
		D62AF1EC28A54198002E0D73 /* owlsAtMammoth.jpg in Resources */ = {isa = PBXBuildFile; fileRef = D62AF1CA28A53632002E0D73 /* owlsAtMammoth.jpg */; };
		D62AF1ED28A54198002E0D73 /* rainbowAndBadlands.jpg in Resources */ = {isa = PBXBuildFile; fileRef = D62AF1CF28A53633002E0D73 /* rainbowAndBadlands.jpg */; };
		D62AF1EE28A54198002E0D73 /* redTailedHawk.jpg in Resources */ = {isa = PBXBuildFile; fileRef = D62AF1D628A53633002E0D73 /* redTailedHawk.jpg */; };
		D62AF1EF28A54198002E0D73 /* riverOtter.jpg in Resources */ = {isa = PBXBuildFile; fileRef = D62AF1D228A53633002E0D73 /* riverOtter.jpg */; };
		D62AF1F028A54198002E0D73 /* soaringTheRainbow.jpg in Resources */ = {isa = PBXBuildFile; fileRef = D62AF1CB28A53632002E0D73 /* soaringTheRainbow.jpg */; };
		D62AF1F128A54198002E0D73 /* sunriseAtGrottoGeyser.jpg in Resources */ = {isa = PBXBuildFile; fileRef = D62AF1C328A53632002E0D73 /* sunriseAtGrottoGeyser.jpg */; };
		D62AF1F228A54198002E0D73 /* towerCreekBASIN.jpg in Resources */ = {isa = PBXBuildFile; fileRef = D62AF1C428A53632002E0D73 /* towerCreekBASIN.jpg */; };
		D62AF1F328A54198002E0D73 /* yellowBelliedMarmot.jpg in Resources */ = {isa = PBXBuildFile; fileRef = D62AF1D328A53633002E0D73 /* yellowBelliedMarmot.jpg */; };
		D62AF1F428A541A7002E0D73 /* bobcat.jpg in Resources */ = {isa = PBXBuildFile; fileRef = D62AF1C628A53632002E0D73 /* bobcat.jpg */; };
		D6517FDD28A6771F00A045D0 /* PDFImageFetcher.swift in Sources */ = {isa = PBXBuildFile; fileRef = D6517FDC28A6771F00A045D0 /* PDFImageFetcher.swift */; };
/* End PBXBuildFile section */

/* Begin PBXFileReference section */
		BA8FBE0228A4AE7400F8E84D /* PDFView.swift */ = {isa = PBXFileReference; lastKnownFileType = sourcecode.swift; path = PDFView.swift; sourceTree = "<group>"; };
		BA8FBE0828A5E6E300F8E84D /* PDFDelegate.swift */ = {isa = PBXFileReference; lastKnownFileType = sourcecode.swift; path = PDFDelegate.swift; sourceTree = "<group>"; };
		BA8FBE0A28A5EF2200F8E84D /* PDFError.swift */ = {isa = PBXFileReference; lastKnownFileType = sourcecode.swift; path = PDFError.swift; sourceTree = "<group>"; };
		BA8FBE0E28A5F6EB00F8E84D /* swift.pdf */ = {isa = PBXFileReference; lastKnownFileType = image.pdf; path = swift.pdf; sourceTree = "<group>"; };
		BA8FBE1028A5FC5600F8E84D /* ProcessorProtocol.swift */ = {isa = PBXFileReference; lastKnownFileType = sourcecode.swift; path = ProcessorProtocol.swift; sourceTree = "<group>"; };
		BA8FBE1328A5FD5500F8E84D /* Page.swift */ = {isa = PBXFileReference; lastKnownFileType = sourcecode.swift; path = Page.swift; sourceTree = "<group>"; };
		BA8FBE1528A5FDE600F8E84D /* PdfProcessor.swift */ = {isa = PBXFileReference; lastKnownFileType = sourcecode.swift; path = PdfProcessor.swift; sourceTree = "<group>"; };
		BA8FBE1728A6343900F8E84D /* read-only.pdf */ = {isa = PBXFileReference; lastKnownFileType = image.pdf; path = "read-only.pdf"; sourceTree = "<group>"; };
		BA8FBE1928A6431800F8E84D /* iphone */ = {isa = PBXFileReference; lastKnownFileType = file; path = iphone; sourceTree = "<group>"; };
		BA8FBE1B28A64BB400F8E84D /* DataType.swift */ = {isa = PBXFileReference; lastKnownFileType = sourcecode.swift; path = DataType.swift; sourceTree = "<group>"; };
		BA8FBE1D28A668F600F8E84D /* ImageProcessor.swift */ = {isa = PBXFileReference; lastKnownFileType = sourcecode.swift; path = ImageProcessor.swift; sourceTree = "<group>"; };
		C095582128A4AE5700FA16B9 /* BottomButton.swift */ = {isa = PBXFileReference; lastKnownFileType = sourcecode.swift; path = BottomButton.swift; sourceTree = "<group>"; };
		C095582428A4B3B000FA16B9 /* ViewExtension.swift */ = {isa = PBXFileReference; lastKnownFileType = sourcecode.swift; path = ViewExtension.swift; sourceTree = "<group>"; };
		C0EFC35128A4987E0084A4AA /* GlidePDFKitDemo.app */ = {isa = PBXFileReference; explicitFileType = wrapper.application; includeInIndex = 0; path = GlidePDFKitDemo.app; sourceTree = BUILT_PRODUCTS_DIR; };
		C0EFC35428A4987E0084A4AA /* AppDelegate.swift */ = {isa = PBXFileReference; lastKnownFileType = sourcecode.swift; path = AppDelegate.swift; sourceTree = "<group>"; };
		C0EFC35628A4987E0084A4AA /* SceneDelegate.swift */ = {isa = PBXFileReference; lastKnownFileType = sourcecode.swift; path = SceneDelegate.swift; sourceTree = "<group>"; };
		C0EFC35828A4987E0084A4AA /* ViewController.swift */ = {isa = PBXFileReference; lastKnownFileType = sourcecode.swift; path = ViewController.swift; sourceTree = "<group>"; };
		C0EFC35D28A498800084A4AA /* Assets.xcassets */ = {isa = PBXFileReference; lastKnownFileType = folder.assetcatalog; path = Assets.xcassets; sourceTree = "<group>"; };
		C0EFC36028A498800084A4AA /* Base */ = {isa = PBXFileReference; lastKnownFileType = file.storyboard; name = Base; path = Base.lproj/LaunchScreen.storyboard; sourceTree = "<group>"; };
		C0EFC36228A498800084A4AA /* Info.plist */ = {isa = PBXFileReference; lastKnownFileType = text.plist.xml; path = Info.plist; sourceTree = "<group>"; };
		D62AF1B428A535FA002E0D73 /* GalleryEntry.swift */ = {isa = PBXFileReference; lastKnownFileType = sourcecode.swift; path = GalleryEntry.swift; sourceTree = "<group>"; };
		D62AF1B628A535FA002E0D73 /* DataModel.swift */ = {isa = PBXFileReference; lastKnownFileType = sourcecode.swift; path = DataModel.swift; sourceTree = "<group>"; };
		D62AF1B728A535FA002E0D73 /* GalleryView.swift */ = {isa = PBXFileReference; lastKnownFileType = sourcecode.swift; path = GalleryView.swift; sourceTree = "<group>"; };
		D62AF1B828A535FA002E0D73 /* Item.swift */ = {isa = PBXFileReference; lastKnownFileType = sourcecode.swift; path = Item.swift; sourceTree = "<group>"; };
		D62AF1B928A535FA002E0D73 /* GalleryItemView.swift */ = {isa = PBXFileReference; lastKnownFileType = sourcecode.swift; path = GalleryItemView.swift; sourceTree = "<group>"; };
		D62AF1C128A53632002E0D73 /* bullElk.jpg */ = {isa = PBXFileReference; lastKnownFileType = image.jpeg; path = bullElk.jpg; sourceTree = "<group>"; };
		D62AF1C228A53632002E0D73 /* harborSeal.jpg */ = {isa = PBXFileReference; lastKnownFileType = image.jpeg; path = harborSeal.jpg; sourceTree = "<group>"; };
		D62AF1C328A53632002E0D73 /* sunriseAtGrottoGeyser.jpg */ = {isa = PBXFileReference; lastKnownFileType = image.jpeg; path = sunriseAtGrottoGeyser.jpg; sourceTree = "<group>"; };
		D62AF1C428A53632002E0D73 /* towerCreekBASIN.jpg */ = {isa = PBXFileReference; lastKnownFileType = image.jpeg; path = towerCreekBASIN.jpg; sourceTree = "<group>"; };
		D62AF1C528A53632002E0D73 /* doubleRainbowYellowstone.jpg */ = {isa = PBXFileReference; lastKnownFileType = image.jpeg; path = doubleRainbowYellowstone.jpg; sourceTree = "<group>"; };
		D62AF1C628A53632002E0D73 /* bobcat.jpg */ = {isa = PBXFileReference; lastKnownFileType = image.jpeg; path = bobcat.jpg; sourceTree = "<group>"; };
		D62AF1C728A53632002E0D73 /* doubleRainbowLowerMammoth.jpg */ = {isa = PBXFileReference; lastKnownFileType = image.jpeg; path = doubleRainbowLowerMammoth.jpg; sourceTree = "<group>"; };
		D62AF1C828A53632002E0D73 /* coyoteAndBison.jpg */ = {isa = PBXFileReference; lastKnownFileType = image.jpeg; path = coyoteAndBison.jpg; sourceTree = "<group>"; };
		D62AF1C928A53632002E0D73 /* newGrowthOfAntlers.jpg */ = {isa = PBXFileReference; lastKnownFileType = image.jpeg; path = newGrowthOfAntlers.jpg; sourceTree = "<group>"; };
		D62AF1CA28A53632002E0D73 /* owlsAtMammoth.jpg */ = {isa = PBXFileReference; lastKnownFileType = image.jpeg; path = owlsAtMammoth.jpg; sourceTree = "<group>"; };
		D62AF1CB28A53632002E0D73 /* soaringTheRainbow.jpg */ = {isa = PBXFileReference; lastKnownFileType = image.jpeg; path = soaringTheRainbow.jpg; sourceTree = "<group>"; };
		D62AF1CC28A53632002E0D73 /* harborSealPup.jpg */ = {isa = PBXFileReference; lastKnownFileType = image.jpeg; path = harborSealPup.jpg; sourceTree = "<group>"; };
		D62AF1CD28A53632002E0D73 /* grizzly.jpg */ = {isa = PBXFileReference; lastKnownFileType = image.jpeg; path = grizzly.jpg; sourceTree = "<group>"; };
		D62AF1CE28A53632002E0D73 /* grizzlyCubs.jpg */ = {isa = PBXFileReference; lastKnownFileType = image.jpeg; path = grizzlyCubs.jpg; sourceTree = "<group>"; };
		D62AF1CF28A53633002E0D73 /* rainbowAndBadlands.jpg */ = {isa = PBXFileReference; lastKnownFileType = image.jpeg; path = rainbowAndBadlands.jpg; sourceTree = "<group>"; };
		D62AF1D028A53633002E0D73 /* bullElkSparring.jpg */ = {isa = PBXFileReference; lastKnownFileType = image.jpeg; path = bullElkSparring.jpg; sourceTree = "<group>"; };
		D62AF1D128A53633002E0D73 /* heartSpring.jpg */ = {isa = PBXFileReference; lastKnownFileType = image.jpeg; path = heartSpring.jpg; sourceTree = "<group>"; };
		D62AF1D228A53633002E0D73 /* riverOtter.jpg */ = {isa = PBXFileReference; lastKnownFileType = image.jpeg; path = riverOtter.jpg; sourceTree = "<group>"; };
		D62AF1D328A53633002E0D73 /* yellowBelliedMarmot.jpg */ = {isa = PBXFileReference; lastKnownFileType = image.jpeg; path = yellowBelliedMarmot.jpg; sourceTree = "<group>"; };
		D62AF1D428A53633002E0D73 /* bullTuleElkAndTwoFemales.jpg */ = {isa = PBXFileReference; lastKnownFileType = image.jpeg; path = bullTuleElkAndTwoFemales.jpg; sourceTree = "<group>"; };
		D62AF1D528A53633002E0D73 /* groundSquirrel.jpg */ = {isa = PBXFileReference; lastKnownFileType = image.jpeg; path = groundSquirrel.jpg; sourceTree = "<group>"; };
		D62AF1D628A53633002E0D73 /* redTailedHawk.jpg */ = {isa = PBXFileReference; lastKnownFileType = image.jpeg; path = redTailedHawk.jpg; sourceTree = "<group>"; };
		D62AF1D828A53698002E0D73 /* VTabView.swift */ = {isa = PBXFileReference; fileEncoding = 4; lastKnownFileType = sourcecode.swift; path = VTabView.swift; sourceTree = "<group>"; };
		D62AF1D928A53698002E0D73 /* ZoomableView.swift */ = {isa = PBXFileReference; fileEncoding = 4; lastKnownFileType = sourcecode.swift; path = ZoomableView.swift; sourceTree = "<group>"; };
		D62AF1DA28A53698002E0D73 /* ZoomableModifier.swift */ = {isa = PBXFileReference; fileEncoding = 4; lastKnownFileType = sourcecode.swift; path = ZoomableModifier.swift; sourceTree = "<group>"; };
		D6517FDC28A6771F00A045D0 /* PDFImageFetcher.swift */ = {isa = PBXFileReference; lastKnownFileType = sourcecode.swift; path = PDFImageFetcher.swift; sourceTree = "<group>"; };
/* End PBXFileReference section */

/* Begin PBXFrameworksBuildPhase section */
		C0EFC34E28A4987E0084A4AA /* Frameworks */ = {
			isa = PBXFrameworksBuildPhase;
			buildActionMask = 2147483647;
			files = (
				C0EFC36A28A499E30084A4AA /* SnapKit in Frameworks */,
			);
			runOnlyForDeploymentPostprocessing = 0;
		};
/* End PBXFrameworksBuildPhase section */

/* Begin PBXGroup section */
		BA8FBE1228A5FD3900F8E84D /* Processor */ = {
			isa = PBXGroup;
			children = (
				BA8FBE1028A5FC5600F8E84D /* ProcessorProtocol.swift */,
				BA8FBE1328A5FD5500F8E84D /* Page.swift */,
				BA8FBE1528A5FDE600F8E84D /* PdfProcessor.swift */,
				BA8FBE1D28A668F600F8E84D /* ImageProcessor.swift */,
			);
			path = Processor;
			sourceTree = "<group>";
		};
		C095582028A4AE3900FA16B9 /* Views */ = {
			isa = PBXGroup;
			children = (
				C095582128A4AE5700FA16B9 /* BottomButton.swift */,
			);
			path = Views;
			sourceTree = "<group>";
		};
		C095582328A4B39A00FA16B9 /* Extension */ = {
			isa = PBXGroup;
			children = (
				C095582428A4B3B000FA16B9 /* ViewExtension.swift */,
			);
			path = Extension;
			sourceTree = "<group>";
		};
		C0EFC34828A4987E0084A4AA = {
			isa = PBXGroup;
			children = (
				C0EFC35328A4987E0084A4AA /* GlidePDFKitDemo */,
				C0EFC35228A4987E0084A4AA /* Products */,
			);
			sourceTree = "<group>";
		};
		C0EFC35228A4987E0084A4AA /* Products */ = {
			isa = PBXGroup;
			children = (
				C0EFC35128A4987E0084A4AA /* GlidePDFKitDemo.app */,
			);
			name = Products;
			sourceTree = "<group>";
		};
		C0EFC35328A4987E0084A4AA /* GlidePDFKitDemo */ = {
			isa = PBXGroup;
			children = (
				BA8FBE1228A5FD3900F8E84D /* Processor */,
				BA8FBE0E28A5F6EB00F8E84D /* swift.pdf */,
				BA8FBE1928A6431800F8E84D /* iphone */,
				BA8FBE1728A6343900F8E84D /* read-only.pdf */,
				C0EFC35428A4987E0084A4AA /* AppDelegate.swift */,
				C0EFC35628A4987E0084A4AA /* SceneDelegate.swift */,
				C0EFC35828A4987E0084A4AA /* ViewController.swift */,
				BA8FBE0228A4AE7400F8E84D /* PDFView.swift */,
				D6517FDC28A6771F00A045D0 /* PDFImageFetcher.swift */,
				D62AF1C028A53612002E0D73 /* Gallery */,
				C095582328A4B39A00FA16B9 /* Extension */,
				C095582028A4AE3900FA16B9 /* Views */,
				D62AF1D728A5363F002E0D73 /* Res */,
				C0EFC35D28A498800084A4AA /* Assets.xcassets */,
				C0EFC35F28A498800084A4AA /* LaunchScreen.storyboard */,
				C0EFC36228A498800084A4AA /* Info.plist */,
				BA8FBE0828A5E6E300F8E84D /* PDFDelegate.swift */,
				BA8FBE0A28A5EF2200F8E84D /* PDFError.swift */,
				BA8FBE1B28A64BB400F8E84D /* DataType.swift */,
			);
			path = GlidePDFKitDemo;
			sourceTree = "<group>";
		};
		D62AF1C028A53612002E0D73 /* Gallery */ = {
			isa = PBXGroup;
			children = (
				D62AF1DE28A536A9002E0D73 /* Components */,
				D62AF1B628A535FA002E0D73 /* DataModel.swift */,
				D62AF1B428A535FA002E0D73 /* GalleryEntry.swift */,
				D62AF1B928A535FA002E0D73 /* GalleryItemView.swift */,
				D62AF1B728A535FA002E0D73 /* GalleryView.swift */,
				D62AF1B828A535FA002E0D73 /* Item.swift */,
			);
			path = Gallery;
			sourceTree = "<group>";
		};
		D62AF1D728A5363F002E0D73 /* Res */ = {
			isa = PBXGroup;
			children = (
				D62AF1C628A53632002E0D73 /* bobcat.jpg */,
				D62AF1C128A53632002E0D73 /* bullElk.jpg */,
				D62AF1D028A53633002E0D73 /* bullElkSparring.jpg */,
				D62AF1D428A53633002E0D73 /* bullTuleElkAndTwoFemales.jpg */,
				D62AF1C828A53632002E0D73 /* coyoteAndBison.jpg */,
				D62AF1C728A53632002E0D73 /* doubleRainbowLowerMammoth.jpg */,
				D62AF1C528A53632002E0D73 /* doubleRainbowYellowstone.jpg */,
				D62AF1CD28A53632002E0D73 /* grizzly.jpg */,
				D62AF1CE28A53632002E0D73 /* grizzlyCubs.jpg */,
				D62AF1D528A53633002E0D73 /* groundSquirrel.jpg */,
				D62AF1C228A53632002E0D73 /* harborSeal.jpg */,
				D62AF1CC28A53632002E0D73 /* harborSealPup.jpg */,
				D62AF1D128A53633002E0D73 /* heartSpring.jpg */,
				D62AF1C928A53632002E0D73 /* newGrowthOfAntlers.jpg */,
				D62AF1CA28A53632002E0D73 /* owlsAtMammoth.jpg */,
				D62AF1CF28A53633002E0D73 /* rainbowAndBadlands.jpg */,
				D62AF1D628A53633002E0D73 /* redTailedHawk.jpg */,
				D62AF1D228A53633002E0D73 /* riverOtter.jpg */,
				D62AF1CB28A53632002E0D73 /* soaringTheRainbow.jpg */,
				D62AF1C328A53632002E0D73 /* sunriseAtGrottoGeyser.jpg */,
				D62AF1C428A53632002E0D73 /* towerCreekBASIN.jpg */,
				D62AF1D328A53633002E0D73 /* yellowBelliedMarmot.jpg */,
			);
			path = Res;
			sourceTree = "<group>";
		};
		D62AF1DE28A536A9002E0D73 /* Components */ = {
			isa = PBXGroup;
			children = (
				D62AF1D828A53698002E0D73 /* VTabView.swift */,
				D62AF1DA28A53698002E0D73 /* ZoomableModifier.swift */,
				D62AF1D928A53698002E0D73 /* ZoomableView.swift */,
			);
			path = Components;
			sourceTree = "<group>";
		};
/* End PBXGroup section */

/* Begin PBXNativeTarget section */
		C0EFC35028A4987E0084A4AA /* GlidePDFKitDemo */ = {
			isa = PBXNativeTarget;
			buildConfigurationList = C0EFC36528A498800084A4AA /* Build configuration list for PBXNativeTarget "GlidePDFKitDemo" */;
			buildPhases = (
				C0EFC34D28A4987E0084A4AA /* Sources */,
				C0EFC34E28A4987E0084A4AA /* Frameworks */,
				C0EFC34F28A4987E0084A4AA /* Resources */,
			);
			buildRules = (
			);
			dependencies = (
			);
			name = GlidePDFKitDemo;
			packageProductDependencies = (
				C0EFC36928A499E30084A4AA /* SnapKit */,
			);
			productName = GlidePDFKitDemo;
			productReference = C0EFC35128A4987E0084A4AA /* GlidePDFKitDemo.app */;
			productType = "com.apple.product-type.application";
		};
/* End PBXNativeTarget section */

/* Begin PBXProject section */
		C0EFC34928A4987E0084A4AA /* Project object */ = {
			isa = PBXProject;
			attributes = {
				BuildIndependentTargetsInParallel = 1;
				LastSwiftUpdateCheck = 1320;
				LastUpgradeCheck = 1320;
				TargetAttributes = {
					C0EFC35028A4987E0084A4AA = {
						CreatedOnToolsVersion = 13.2.1;
					};
				};
			};
			buildConfigurationList = C0EFC34C28A4987E0084A4AA /* Build configuration list for PBXProject "GlidePDFKitDemo" */;
			compatibilityVersion = "Xcode 13.0";
			developmentRegion = en;
			hasScannedForEncodings = 0;
			knownRegions = (
				en,
				Base,
			);
			mainGroup = C0EFC34828A4987E0084A4AA;
			packageReferences = (
				C0EFC36828A499E30084A4AA /* XCRemoteSwiftPackageReference "SnapKit" */,
			);
			productRefGroup = C0EFC35228A4987E0084A4AA /* Products */;
			projectDirPath = "";
			projectRoot = "";
			targets = (
				C0EFC35028A4987E0084A4AA /* GlidePDFKitDemo */,
			);
		};
/* End PBXProject section */

/* Begin PBXResourcesBuildPhase section */
		C0EFC34F28A4987E0084A4AA /* Resources */ = {
			isa = PBXResourcesBuildPhase;
			buildActionMask = 2147483647;
			files = (
				BA8FBE1828A6343900F8E84D /* read-only.pdf in Resources */,
				D62AF1F428A541A7002E0D73 /* bobcat.jpg in Resources */,
				D62AF1DF28A54198002E0D73 /* bullElk.jpg in Resources */,
				D62AF1E028A54198002E0D73 /* bullElkSparring.jpg in Resources */,
				D62AF1E128A54198002E0D73 /* bullTuleElkAndTwoFemales.jpg in Resources */,
				D62AF1E228A54198002E0D73 /* coyoteAndBison.jpg in Resources */,
				D62AF1E328A54198002E0D73 /* doubleRainbowLowerMammoth.jpg in Resources */,
				D62AF1E428A54198002E0D73 /* doubleRainbowYellowstone.jpg in Resources */,
				D62AF1E528A54198002E0D73 /* grizzly.jpg in Resources */,
				D62AF1E628A54198002E0D73 /* grizzlyCubs.jpg in Resources */,
				D62AF1E728A54198002E0D73 /* groundSquirrel.jpg in Resources */,
				D62AF1E828A54198002E0D73 /* harborSeal.jpg in Resources */,
				D62AF1E928A54198002E0D73 /* harborSealPup.jpg in Resources */,
				D62AF1EA28A54198002E0D73 /* heartSpring.jpg in Resources */,
				D62AF1EB28A54198002E0D73 /* newGrowthOfAntlers.jpg in Resources */,
				D62AF1EC28A54198002E0D73 /* owlsAtMammoth.jpg in Resources */,
				D62AF1ED28A54198002E0D73 /* rainbowAndBadlands.jpg in Resources */,
				D62AF1EE28A54198002E0D73 /* redTailedHawk.jpg in Resources */,
				D62AF1EF28A54198002E0D73 /* riverOtter.jpg in Resources */,
				D62AF1F028A54198002E0D73 /* soaringTheRainbow.jpg in Resources */,
				D62AF1F128A54198002E0D73 /* sunriseAtGrottoGeyser.jpg in Resources */,
				D62AF1F228A54198002E0D73 /* towerCreekBASIN.jpg in Resources */,
				D62AF1F328A54198002E0D73 /* yellowBelliedMarmot.jpg in Resources */,
				C0EFC36128A498800084A4AA /* LaunchScreen.storyboard in Resources */,
				BA8FBE1A28A6431800F8E84D /* iphone in Resources */,
				C0EFC35E28A498800084A4AA /* Assets.xcassets in Resources */,
				BA8FBE0F28A5F6EB00F8E84D /* swift.pdf in Resources */,
			);
			runOnlyForDeploymentPostprocessing = 0;
		};
/* End PBXResourcesBuildPhase section */

/* Begin PBXSourcesBuildPhase section */
		C0EFC34D28A4987E0084A4AA /* Sources */ = {
			isa = PBXSourcesBuildPhase;
			buildActionMask = 2147483647;
			files = (
				D62AF1BD28A535FA002E0D73 /* Item.swift in Sources */,
				C0EFC35928A4987E0084A4AA /* ViewController.swift in Sources */,
				BA8FBE1C28A64BB400F8E84D /* DataType.swift in Sources */,
				BA8FBE1628A5FDE600F8E84D /* PdfProcessor.swift in Sources */,
				BA8FBE0328A4AE7400F8E84D /* PDFView.swift in Sources */,
				BA8FBE1E28A668F600F8E84D /* ImageProcessor.swift in Sources */,
				BA8FBE0928A5E6E300F8E84D /* PDFDelegate.swift in Sources */,
				D62AF1BE28A535FA002E0D73 /* GalleryItemView.swift in Sources */,
				D6517FDD28A6771F00A045D0 /* PDFImageFetcher.swift in Sources */,
				D62AF1DB28A53698002E0D73 /* VTabView.swift in Sources */,
				D62AF1DC28A53698002E0D73 /* ZoomableView.swift in Sources */,
				C0EFC35528A4987E0084A4AA /* AppDelegate.swift in Sources */,
				BA8FBE1428A5FD5500F8E84D /* Page.swift in Sources */,
				C095582228A4AE5700FA16B9 /* BottomButton.swift in Sources */,
				BA8FBE0B28A5EF2200F8E84D /* PDFError.swift in Sources */,
				BA8FBE1128A5FC5600F8E84D /* ProcessorProtocol.swift in Sources */,
				C0EFC35728A4987E0084A4AA /* SceneDelegate.swift in Sources */,
				C095582528A4B3B000FA16B9 /* ViewExtension.swift in Sources */,
				D62AF1BA28A535FA002E0D73 /* GalleryEntry.swift in Sources */,
				D62AF1BB28A535FA002E0D73 /* GalleryView.swift in Sources */,
				D62AF1DD28A53698002E0D73 /* ZoomableModifier.swift in Sources */,
				D62AF1BC28A535FA002E0D73 /* DataModel.swift in Sources */,
			);
			runOnlyForDeploymentPostprocessing = 0;
		};
/* End PBXSourcesBuildPhase section */

/* Begin PBXVariantGroup section */
		C0EFC35F28A498800084A4AA /* LaunchScreen.storyboard */ = {
			isa = PBXVariantGroup;
			children = (
				C0EFC36028A498800084A4AA /* Base */,
			);
			name = LaunchScreen.storyboard;
			sourceTree = "<group>";
		};
/* End PBXVariantGroup section */

/* Begin XCBuildConfiguration section */
		C0EFC36328A498800084A4AA /* Debug */ = {
			isa = XCBuildConfiguration;
			buildSettings = {
				ALWAYS_SEARCH_USER_PATHS = NO;
				CLANG_ANALYZER_NONNULL = YES;
				CLANG_ANALYZER_NUMBER_OBJECT_CONVERSION = YES_AGGRESSIVE;
				CLANG_CXX_LANGUAGE_STANDARD = "gnu++17";
				CLANG_CXX_LIBRARY = "libc++";
				CLANG_ENABLE_MODULES = YES;
				CLANG_ENABLE_OBJC_ARC = YES;
				CLANG_ENABLE_OBJC_WEAK = YES;
				CLANG_WARN_BLOCK_CAPTURE_AUTORELEASING = YES;
				CLANG_WARN_BOOL_CONVERSION = YES;
				CLANG_WARN_COMMA = YES;
				CLANG_WARN_CONSTANT_CONVERSION = YES;
				CLANG_WARN_DEPRECATED_OBJC_IMPLEMENTATIONS = YES;
				CLANG_WARN_DIRECT_OBJC_ISA_USAGE = YES_ERROR;
				CLANG_WARN_DOCUMENTATION_COMMENTS = YES;
				CLANG_WARN_EMPTY_BODY = YES;
				CLANG_WARN_ENUM_CONVERSION = YES;
				CLANG_WARN_INFINITE_RECURSION = YES;
				CLANG_WARN_INT_CONVERSION = YES;
				CLANG_WARN_NON_LITERAL_NULL_CONVERSION = YES;
				CLANG_WARN_OBJC_IMPLICIT_RETAIN_SELF = YES;
				CLANG_WARN_OBJC_LITERAL_CONVERSION = YES;
				CLANG_WARN_OBJC_ROOT_CLASS = YES_ERROR;
				CLANG_WARN_QUOTED_INCLUDE_IN_FRAMEWORK_HEADER = YES;
				CLANG_WARN_RANGE_LOOP_ANALYSIS = YES;
				CLANG_WARN_STRICT_PROTOTYPES = YES;
				CLANG_WARN_SUSPICIOUS_MOVE = YES;
				CLANG_WARN_UNGUARDED_AVAILABILITY = YES_AGGRESSIVE;
				CLANG_WARN_UNREACHABLE_CODE = YES;
				CLANG_WARN__DUPLICATE_METHOD_MATCH = YES;
				COPY_PHASE_STRIP = NO;
				DEBUG_INFORMATION_FORMAT = dwarf;
				ENABLE_STRICT_OBJC_MSGSEND = YES;
				ENABLE_TESTABILITY = YES;
				GCC_C_LANGUAGE_STANDARD = gnu11;
				GCC_DYNAMIC_NO_PIC = NO;
				GCC_NO_COMMON_BLOCKS = YES;
				GCC_OPTIMIZATION_LEVEL = 0;
				GCC_PREPROCESSOR_DEFINITIONS = (
					"DEBUG=1",
					"$(inherited)",
				);
				GCC_WARN_64_TO_32_BIT_CONVERSION = YES;
				GCC_WARN_ABOUT_RETURN_TYPE = YES_ERROR;
				GCC_WARN_UNDECLARED_SELECTOR = YES;
				GCC_WARN_UNINITIALIZED_AUTOS = YES_AGGRESSIVE;
				GCC_WARN_UNUSED_FUNCTION = YES;
				GCC_WARN_UNUSED_VARIABLE = YES;
				IPHONEOS_DEPLOYMENT_TARGET = 15.2;
				MTL_ENABLE_DEBUG_INFO = INCLUDE_SOURCE;
				MTL_FAST_MATH = YES;
				ONLY_ACTIVE_ARCH = YES;
				SDKROOT = iphoneos;
				SWIFT_ACTIVE_COMPILATION_CONDITIONS = DEBUG;
				SWIFT_OPTIMIZATION_LEVEL = "-Onone";
			};
			name = Debug;
		};
		C0EFC36428A498800084A4AA /* Release */ = {
			isa = XCBuildConfiguration;
			buildSettings = {
				ALWAYS_SEARCH_USER_PATHS = NO;
				CLANG_ANALYZER_NONNULL = YES;
				CLANG_ANALYZER_NUMBER_OBJECT_CONVERSION = YES_AGGRESSIVE;
				CLANG_CXX_LANGUAGE_STANDARD = "gnu++17";
				CLANG_CXX_LIBRARY = "libc++";
				CLANG_ENABLE_MODULES = YES;
				CLANG_ENABLE_OBJC_ARC = YES;
				CLANG_ENABLE_OBJC_WEAK = YES;
				CLANG_WARN_BLOCK_CAPTURE_AUTORELEASING = YES;
				CLANG_WARN_BOOL_CONVERSION = YES;
				CLANG_WARN_COMMA = YES;
				CLANG_WARN_CONSTANT_CONVERSION = YES;
				CLANG_WARN_DEPRECATED_OBJC_IMPLEMENTATIONS = YES;
				CLANG_WARN_DIRECT_OBJC_ISA_USAGE = YES_ERROR;
				CLANG_WARN_DOCUMENTATION_COMMENTS = YES;
				CLANG_WARN_EMPTY_BODY = YES;
				CLANG_WARN_ENUM_CONVERSION = YES;
				CLANG_WARN_INFINITE_RECURSION = YES;
				CLANG_WARN_INT_CONVERSION = YES;
				CLANG_WARN_NON_LITERAL_NULL_CONVERSION = YES;
				CLANG_WARN_OBJC_IMPLICIT_RETAIN_SELF = YES;
				CLANG_WARN_OBJC_LITERAL_CONVERSION = YES;
				CLANG_WARN_OBJC_ROOT_CLASS = YES_ERROR;
				CLANG_WARN_QUOTED_INCLUDE_IN_FRAMEWORK_HEADER = YES;
				CLANG_WARN_RANGE_LOOP_ANALYSIS = YES;
				CLANG_WARN_STRICT_PROTOTYPES = YES;
				CLANG_WARN_SUSPICIOUS_MOVE = YES;
				CLANG_WARN_UNGUARDED_AVAILABILITY = YES_AGGRESSIVE;
				CLANG_WARN_UNREACHABLE_CODE = YES;
				CLANG_WARN__DUPLICATE_METHOD_MATCH = YES;
				COPY_PHASE_STRIP = NO;
				DEBUG_INFORMATION_FORMAT = "dwarf-with-dsym";
				ENABLE_NS_ASSERTIONS = NO;
				ENABLE_STRICT_OBJC_MSGSEND = YES;
				GCC_C_LANGUAGE_STANDARD = gnu11;
				GCC_NO_COMMON_BLOCKS = YES;
				GCC_WARN_64_TO_32_BIT_CONVERSION = YES;
				GCC_WARN_ABOUT_RETURN_TYPE = YES_ERROR;
				GCC_WARN_UNDECLARED_SELECTOR = YES;
				GCC_WARN_UNINITIALIZED_AUTOS = YES_AGGRESSIVE;
				GCC_WARN_UNUSED_FUNCTION = YES;
				GCC_WARN_UNUSED_VARIABLE = YES;
				IPHONEOS_DEPLOYMENT_TARGET = 15.2;
				MTL_ENABLE_DEBUG_INFO = NO;
				MTL_FAST_MATH = YES;
				SDKROOT = iphoneos;
				SWIFT_COMPILATION_MODE = wholemodule;
				SWIFT_OPTIMIZATION_LEVEL = "-O";
				VALIDATE_PRODUCT = YES;
			};
			name = Release;
		};
		C0EFC36628A498800084A4AA /* Debug */ = {
			isa = XCBuildConfiguration;
			buildSettings = {
				ASSETCATALOG_COMPILER_APPICON_NAME = AppIcon;
				ASSETCATALOG_COMPILER_GLOBAL_ACCENT_COLOR_NAME = AccentColor;
				CODE_SIGN_STYLE = Automatic;
				CURRENT_PROJECT_VERSION = 1;
				GENERATE_INFOPLIST_FILE = YES;
				INFOPLIST_FILE = GlidePDFKitDemo/Info.plist;
				INFOPLIST_KEY_UIApplicationSupportsIndirectInputEvents = YES;
				INFOPLIST_KEY_UILaunchStoryboardName = LaunchScreen;
				INFOPLIST_KEY_UISupportedInterfaceOrientations_iPad = "UIInterfaceOrientationPortrait UIInterfaceOrientationPortraitUpsideDown UIInterfaceOrientationLandscapeLeft UIInterfaceOrientationLandscapeRight";
				INFOPLIST_KEY_UISupportedInterfaceOrientations_iPhone = "UIInterfaceOrientationPortrait UIInterfaceOrientationLandscapeLeft UIInterfaceOrientationLandscapeRight";
				LD_RUNPATH_SEARCH_PATHS = (
					"$(inherited)",
					"@executable_path/Frameworks",
				);
				MARKETING_VERSION = 1.0;
				PRODUCT_BUNDLE_IDENTIFIER = compass.GlidePDFKitDemo;
				PRODUCT_NAME = "$(TARGET_NAME)";
				SWIFT_EMIT_LOC_STRINGS = YES;
				SWIFT_VERSION = 5.0;
				TARGETED_DEVICE_FAMILY = "1,2";
			};
			name = Debug;
		};
		C0EFC36728A498800084A4AA /* Release */ = {
			isa = XCBuildConfiguration;
			buildSettings = {
				ASSETCATALOG_COMPILER_APPICON_NAME = AppIcon;
				ASSETCATALOG_COMPILER_GLOBAL_ACCENT_COLOR_NAME = AccentColor;
				CODE_SIGN_STYLE = Automatic;
				CURRENT_PROJECT_VERSION = 1;
				GENERATE_INFOPLIST_FILE = YES;
				INFOPLIST_FILE = GlidePDFKitDemo/Info.plist;
				INFOPLIST_KEY_UIApplicationSupportsIndirectInputEvents = YES;
				INFOPLIST_KEY_UILaunchStoryboardName = LaunchScreen;
				INFOPLIST_KEY_UISupportedInterfaceOrientations_iPad = "UIInterfaceOrientationPortrait UIInterfaceOrientationPortraitUpsideDown UIInterfaceOrientationLandscapeLeft UIInterfaceOrientationLandscapeRight";
				INFOPLIST_KEY_UISupportedInterfaceOrientations_iPhone = "UIInterfaceOrientationPortrait UIInterfaceOrientationLandscapeLeft UIInterfaceOrientationLandscapeRight";
				LD_RUNPATH_SEARCH_PATHS = (
					"$(inherited)",
					"@executable_path/Frameworks",
				);
				MARKETING_VERSION = 1.0;
				PRODUCT_BUNDLE_IDENTIFIER = compass.GlidePDFKitDemo;
				PRODUCT_NAME = "$(TARGET_NAME)";
				SWIFT_EMIT_LOC_STRINGS = YES;
				SWIFT_VERSION = 5.0;
				TARGETED_DEVICE_FAMILY = "1,2";
			};
			name = Release;
		};
/* End XCBuildConfiguration section */

/* Begin XCConfigurationList section */
		C0EFC34C28A4987E0084A4AA /* Build configuration list for PBXProject "GlidePDFKitDemo" */ = {
			isa = XCConfigurationList;
			buildConfigurations = (
				C0EFC36328A498800084A4AA /* Debug */,
				C0EFC36428A498800084A4AA /* Release */,
			);
			defaultConfigurationIsVisible = 0;
			defaultConfigurationName = Release;
		};
		C0EFC36528A498800084A4AA /* Build configuration list for PBXNativeTarget "GlidePDFKitDemo" */ = {
			isa = XCConfigurationList;
			buildConfigurations = (
				C0EFC36628A498800084A4AA /* Debug */,
				C0EFC36728A498800084A4AA /* Release */,
			);
			defaultConfigurationIsVisible = 0;
			defaultConfigurationName = Release;
		};
/* End XCConfigurationList section */

/* Begin XCRemoteSwiftPackageReference section */
		C0EFC36828A499E30084A4AA /* XCRemoteSwiftPackageReference "SnapKit" */ = {
			isa = XCRemoteSwiftPackageReference;
			repositoryURL = "https://github.com/SnapKit/SnapKit.git";
			requirement = {
				branch = develop;
				kind = branch;
			};
		};
/* End XCRemoteSwiftPackageReference section */

/* Begin XCSwiftPackageProductDependency section */
		C0EFC36928A499E30084A4AA /* SnapKit */ = {
			isa = XCSwiftPackageProductDependency;
			package = C0EFC36828A499E30084A4AA /* XCRemoteSwiftPackageReference "SnapKit" */;
			productName = SnapKit;
		};
/* End XCSwiftPackageProductDependency section */
	};
	rootObject = C0EFC34928A4987E0084A4AA /* Project object */;
}
